
Microsoft Visual Studio Solution File, Format Version 12.00
# Visual Studio 15
VisualStudioVersion = 15.0.26730.16
MinimumVisualStudioVersion = 10.0.40219.1
Project("{FAE04EC0-301F-11D3-BF4B-00C04F79EFBC}") = "VSIX.SmartFinder", "VSIX.SmartFinder\VSIX.SmartFinder.csproj", "{C6F26D51-8F5F-4BA2-90B3-A5781DBBC795}"
EndProject
Global
	GlobalSection(SolutionConfigurationPlatforms) = preSolution
		Debug|Any CPU = Debug|Any CPU
		Release|Any CPU = Release|Any CPU
	EndGlobalSection
	GlobalSection(ProjectConfigurationPlatforms) = postSolution
		{C6F26D51-8F5F-4BA2-90B3-A5781DBBC795}.Debug|Any CPU.ActiveCfg = Debug|Any CPU
		{C6F26D51-8F5F-4BA2-90B3-A5781DBBC795}.Debug|Any CPU.Build.0 = Debug|Any CPU
		{C6F26D51-8F5F-4BA2-90B3-A5781DBBC795}.Release|Any CPU.ActiveCfg = Release|Any CPU
		{C6F26D51-8F5F-4BA2-90B3-A5781DBBC795}.Release|Any CPU.Build.0 = Release|Any CPU
	EndGlobalSection
	GlobalSection(SolutionProperties) = preSolution
		HideSolutionNode = FALSE
	EndGlobalSection
	GlobalSection(ExtensibilityGlobals) = postSolution
		SolutionGuid = {2549DBE8-EA5B-4D70-A0C6-F122DAFDE7CF}
	EndGlobalSection
EndGlobal
